
Microsoft Visual Studio Solution File, Format Version 12.00
# Visual Studio 15
VisualStudioVersion = 15.0.27428.2015
MinimumVisualStudioVersion = 10.0.40219.1
Project("{FAE04EC0-301F-11D3-BF4B-00C04F79EFBC}") = "SiloHost3", "SiloHost3\SiloHost3.csproj", "{4F240881-3C1C-4E85-A9C8-BC81C8DC76C9}"
EndProject
Project("{FAE04EC0-301F-11D3-BF4B-00C04F79EFBC}") = "Grains1", "Grains1\Grains1.csproj", "{B00DE754-49CF-4DDD-B765-6C536665BE46}"
EndProject
Project("{FAE04EC0-301F-11D3-BF4B-00C04F79EFBC}") = "GrainInterfaces1", "GrainInterfaces1\GrainInterfaces1.csproj", "{F821DE59-BEE7-4780-949F-7823E86C7DF0}"
EndProject
Global
	GlobalSection(SolutionConfigurationPlatforms) = preSolution
		Debug|Any CPU = Debug|Any CPU
		Release|Any CPU = Release|Any CPU
	EndGlobalSection
	GlobalSection(ProjectConfigurationPlatforms) = postSolution
		{4F240881-3C1C-4E85-A9C8-BC81C8DC76C9}.Debug|Any CPU.ActiveCfg = Debug|Any CPU
		{4F240881-3C1C-4E85-A9C8-BC81C8DC76C9}.Debug|Any CPU.Build.0 = Debug|Any CPU
		{4F240881-3C1C-4E85-A9C8-BC81C8DC76C9}.Release|Any CPU.ActiveCfg = Release|Any CPU
		{4F240881-3C1C-4E85-A9C8-BC81C8DC76C9}.Release|Any CPU.Build.0 = Release|Any CPU
		{B00DE754-49CF-4DDD-B765-6C536665BE46}.Debug|Any CPU.ActiveCfg = Debug|Any CPU
		{B00DE754-49CF-4DDD-B765-6C536665BE46}.Debug|Any CPU.Build.0 = Debug|Any CPU
		{B00DE754-49CF-4DDD-B765-6C536665BE46}.Release|Any CPU.ActiveCfg = Release|Any CPU
		{B00DE754-49CF-4DDD-B765-6C536665BE46}.Release|Any CPU.Build.0 = Release|Any CPU
		{F821DE59-BEE7-4780-949F-7823E86C7DF0}.Debug|Any CPU.ActiveCfg = Debug|Any CPU
		{F821DE59-BEE7-4780-949F-7823E86C7DF0}.Debug|Any CPU.Build.0 = Debug|Any CPU
		{F821DE59-BEE7-4780-949F-7823E86C7DF0}.Release|Any CPU.ActiveCfg = Release|Any CPU
		{F821DE59-BEE7-4780-949F-7823E86C7DF0}.Release|Any CPU.Build.0 = Release|Any CPU
	EndGlobalSection
	GlobalSection(SolutionProperties) = preSolution
		HideSolutionNode = FALSE
	EndGlobalSection
	GlobalSection(ExtensibilityGlobals) = postSolution
		SolutionGuid = {35D0A019-2998-4008-B90D-23B32EF4F041}
	EndGlobalSection
EndGlobal
